
Microsoft Visual Studio Solution File, Format Version 12.00
# Visual Studio Version 16
VisualStudioVersion = 16.0.29424.173
MinimumVisualStudioVersion = 10.0.40219.1
Project("{888888A0-9F3D-457C-B088-3A5042F75D52}") = "CEC2008", "CEC2008.pyproj", "{BBAEA02B-A9B1-41EF-8988-4C120D85C77C}"
EndProject
Global
	GlobalSection(SolutionConfigurationPlatforms) = preSolution
		Debug|Any CPU = Debug|Any CPU
		Release|Any CPU = Release|Any CPU
	EndGlobalSection
	GlobalSection(ProjectConfigurationPlatforms) = postSolution
		{BBAEA02B-A9B1-41EF-8988-4C120D85C77C}.Debug|Any CPU.ActiveCfg = Debug|Any CPU
		{BBAEA02B-A9B1-41EF-8988-4C120D85C77C}.Release|Any CPU.ActiveCfg = Release|Any CPU
	EndGlobalSection
	GlobalSection(SolutionProperties) = preSolution
		HideSolutionNode = FALSE
	EndGlobalSection
	GlobalSection(ExtensibilityGlobals) = postSolution
		SolutionGuid = {5D1D6176-D9E0-4710-B222-C9556B66D974}
	EndGlobalSection
EndGlobal
